{
  "requires": true,
  "lockfileVersion": 1,
  "dependencies": {
    "@types/events": {
      "version": "3.0.0",
      "resolved": "https://registry.npm.taobao.org/@types/events/download/@types/events-3.0.0.tgz",
      "integrity": "sha1-KGLz9Yqaf3w+eNefEw3U1xwlwqc="
    },
    "@types/glob": {
      "version": "7.1.1",
      "resolved": "https://registry.npm.taobao.org/@types/glob/download/@types/glob-7.1.1.tgz?cache=0&other_urls=https%3A%2F%2Fregistry.npm.taobao.org%2F%40types%2Fglob%2Fdownload%2F%40types%2Fglob-7.1.1.tgz",
      "integrity": "sha1-qlmhxuP7xCHgfM0xqUTDDrpSFXU=",
      "requires": {
        "@types/events": "*",
        "@types/minimatch": "*",
        "@types/node": "*"
      }
    },
    "@types/minimatch": {
      "version": "3.0.3",
      "resolved": "https://registry.npm.taobao.org/@types/minimatch/download/@types/minimatch-3.0.3.tgz",
      "integrity": "sha1-PcoOPzOyAPx9ETnAzZbBJoyt/Z0="
    },
    "@types/node": {
      "version": "12.6.8",
      "resolved": "https://registry.npm.taobao.org/@types/node/download/@types/node-12.6.8.tgz?cache=0&other_urls=https%3A%2F%2Fregistry.npm.taobao.org%2F%40types%2Fnode%2Fdownload%2F%40types%2Fnode-12.6.8.tgz",
      "integrity": "sha1-5Gm0v50cmDKu5JB7qKBRSUNXwSw="
    },
    "@types/ramda": {
      "version": "0.26.18",
      "resolved": "https://registry.npm.taobao.org/@types/ramda/download/@types/ramda-0.26.18.tgz",
      "integrity": "sha1-qA8CsEbt1f93foY3Mlkb1QxTI24="
    },
    "@types/shelljs": {
      "version": "0.8.5",
      "resolved": "https://registry.npm.taobao.org/@types/shelljs/download/@types/shelljs-0.8.5.tgz?cache=0&sync_timestamp=1562348521064&other_urls=https%3A%2F%2Fregistry.npm.taobao.org%2F%40types%2Fshelljs%2Fdownload%2F%40types%2Fshelljs-0.8.5.tgz",
      "integrity": "sha1-HlB7L20fiTJpvT6FHsJEGe+b7uo=",
      "requires": {
        "@types/glob": "*",
        "@types/node": "*"
      }
    }
  }
}
